// !$*UTF8*$!
{
	archiveVersion = 1;
	classes = {
	};
	objectVersion = 77;
	objects = {

/* Begin PBXBuildFile section */
		CC652F5E2F089211005E1AE0 /* ComposableArchitecture in Frameworks */ = {isa = PBXBuildFile; productRef = CC652F5D2F089211005E1AE0 /* ComposableArchitecture */; };
		CC81D5122F03D23C0005966F /* aesops_fables.json in Resources */ = {isa = PBXBuildFile; fileRef = CC81D5112F03D2100005966F /* aesops_fables.json */; };
		CC81D5182F03DB040005966F /* 19622-01.mp3 in Resources */ = {isa = PBXBuildFile; fileRef = CC81D5132F03DB040005966F /* 19622-01.mp3 */; };
		CC81D5192F03DB040005966F /* 19622-05.mp3 in Resources */ = {isa = PBXBuildFile; fileRef = CC81D5172F03DB040005966F /* 19622-05.mp3 */; };
		CC81D51A2F03DB040005966F /* 19622-03.mp3 in Resources */ = {isa = PBXBuildFile; fileRef = CC81D5152F03DB040005966F /* 19622-03.mp3 */; };
		CC81D51B2F03DB040005966F /* 19622-02.mp3 in Resources */ = {isa = PBXBuildFile; fileRef = CC81D5142F03DB040005966F /* 19622-02.mp3 */; };
		CC81D51C2F03DB040005966F /* 19622-04.mp3 in Resources */ = {isa = PBXBuildFile; fileRef = CC81D5162F03DB040005966F /* 19622-04.mp3 */; };
/* End PBXBuildFile section */

/* Begin PBXContainerItemProxy section */
		CC81D4F02F03D0380005966F /* PBXContainerItemProxy */ = {
			isa = PBXContainerItemProxy;
			containerPortal = CC81D4DA2F03D0360005966F /* Project object */;
			proxyType = 1;
			remoteGlobalIDString = CC81D4E12F03D0360005966F;
			remoteInfo = MiniBookPlayer;
		};
		CC81D4FA2F03D0380005966F /* PBXContainerItemProxy */ = {
			isa = PBXContainerItemProxy;
			containerPortal = CC81D4DA2F03D0360005966F /* Project object */;
			proxyType = 1;
			remoteGlobalIDString = CC81D4E12F03D0360005966F;
			remoteInfo = MiniBookPlayer;
		};
/* End PBXContainerItemProxy section */

/* Begin PBXFileReference section */
		CC81D4E22F03D0360005966F /* MiniBookPlayer.app */ = {isa = PBXFileReference; explicitFileType = wrapper.application; includeInIndex = 0; path = MiniBookPlayer.app; sourceTree = BUILT_PRODUCTS_DIR; };
		CC81D4EF2F03D0380005966F /* MiniBookPlayerTests.xctest */ = {isa = PBXFileReference; explicitFileType = wrapper.cfbundle; includeInIndex = 0; path = MiniBookPlayerTests.xctest; sourceTree = BUILT_PRODUCTS_DIR; };
		CC81D4F92F03D0380005966F /* MiniBookPlayerUITests.xctest */ = {isa = PBXFileReference; explicitFileType = wrapper.cfbundle; includeInIndex = 0; path = MiniBookPlayerUITests.xctest; sourceTree = BUILT_PRODUCTS_DIR; };
		CC81D5112F03D2100005966F /* aesops_fables.json */ = {isa = PBXFileReference; lastKnownFileType = text.json; path = aesops_fables.json; sourceTree = "<group>"; };
		CC81D5132F03DB040005966F /* 19622-01.mp3 */ = {isa = PBXFileReference; lastKnownFileType = audio.mp3; path = "19622-01.mp3"; sourceTree = "<group>"; };
		CC81D5142F03DB040005966F /* 19622-02.mp3 */ = {isa = PBXFileReference; lastKnownFileType = audio.mp3; path = "19622-02.mp3"; sourceTree = "<group>"; };
		CC81D5152F03DB040005966F /* 19622-03.mp3 */ = {isa = PBXFileReference; lastKnownFileType = audio.mp3; path = "19622-03.mp3"; sourceTree = "<group>"; };
		CC81D5162F03DB040005966F /* 19622-04.mp3 */ = {isa = PBXFileReference; lastKnownFileType = audio.mp3; path = "19622-04.mp3"; sourceTree = "<group>"; };
		CC81D5172F03DB040005966F /* 19622-05.mp3 */ = {isa = PBXFileReference; lastKnownFileType = audio.mp3; path = "19622-05.mp3"; sourceTree = "<group>"; };
/* End PBXFileReference section */

/* Begin PBXFileSystemSynchronizedRootGroup section */
		CC81D4E42F03D0360005966F /* MiniBookPlayer */ = {
			isa = PBXFileSystemSynchronizedRootGroup;
			path = MiniBookPlayer;
			sourceTree = "<group>";
		};
		CC81D4F22F03D0380005966F /* MiniBookPlayerTests */ = {
			isa = PBXFileSystemSynchronizedRootGroup;
			path = MiniBookPlayerTests;
			sourceTree = "<group>";
		};
		CC81D4FC2F03D0380005966F /* MiniBookPlayerUITests */ = {
			isa = PBXFileSystemSynchronizedRootGroup;
			path = MiniBookPlayerUITests;
			sourceTree = "<group>";
		};
/* End PBXFileSystemSynchronizedRootGroup section */

/* Begin PBXFrameworksBuildPhase section */
		CC81D4DF2F03D0360005966F /* Frameworks */ = {
			isa = PBXFrameworksBuildPhase;
			buildActionMask = 2147483647;
			files = (
				CC652F5E2F089211005E1AE0 /* ComposableArchitecture in Frameworks */,
			);
			runOnlyForDeploymentPostprocessing = 0;
		};
		CC81D4EC2F03D0380005966F /* Frameworks */ = {
			isa = PBXFrameworksBuildPhase;
			buildActionMask = 2147483647;
			files = (
			);
			runOnlyForDeploymentPostprocessing = 0;
		};
		CC81D4F62F03D0380005966F /* Frameworks */ = {
			isa = PBXFrameworksBuildPhase;
			buildActionMask = 2147483647;
			files = (
			);
			runOnlyForDeploymentPostprocessing = 0;
		};
/* End PBXFrameworksBuildPhase section */

/* Begin PBXGroup section */
		CC81D4D92F03D0360005966F = {
			isa = PBXGroup;
			children = (
				CC81D50C2F03D13C0005966F /* Resources */,
				CC81D4E42F03D0360005966F /* MiniBookPlayer */,
				CC81D4F22F03D0380005966F /* MiniBookPlayerTests */,
				CC81D4FC2F03D0380005966F /* MiniBookPlayerUITests */,
				CC81D4E32F03D0360005966F /* Products */,
			);
			sourceTree = "<group>";
		};
		CC81D4E32F03D0360005966F /* Products */ = {
			isa = PBXGroup;
			children = (
				CC81D4E22F03D0360005966F /* MiniBookPlayer.app */,
				CC81D4EF2F03D0380005966F /* MiniBookPlayerTests.xctest */,
				CC81D4F92F03D0380005966F /* MiniBookPlayerUITests.xctest */,
			);
			name = Products;
			sourceTree = "<group>";
		};
		CC81D50C2F03D13C0005966F /* Resources */ = {
			isa = PBXGroup;
			children = (
				CC81D5102F03D2060005966F /* AesopsFables */,
			);
			path = Resources;
			sourceTree = "<group>";
		};
		CC81D5102F03D2060005966F /* AesopsFables */ = {
			isa = PBXGroup;
			children = (
				CC81D5132F03DB040005966F /* 19622-01.mp3 */,
				CC81D5142F03DB040005966F /* 19622-02.mp3 */,
				CC81D5152F03DB040005966F /* 19622-03.mp3 */,
				CC81D5162F03DB040005966F /* 19622-04.mp3 */,
				CC81D5172F03DB040005966F /* 19622-05.mp3 */,
				CC81D5112F03D2100005966F /* aesops_fables.json */,
			);
			path = AesopsFables;
			sourceTree = "<group>";
		};
/* End PBXGroup section */

/* Begin PBXNativeTarget section */
		CC81D4E12F03D0360005966F /* MiniBookPlayer */ = {
			isa = PBXNativeTarget;
			buildConfigurationList = CC81D5032F03D0380005966F /* Build configuration list for PBXNativeTarget "MiniBookPlayer" */;
			buildPhases = (
				CC81D4DE2F03D0360005966F /* Sources */,
				CC81D4DF2F03D0360005966F /* Frameworks */,
				CC81D4E02F03D0360005966F /* Resources */,
			);
			buildRules = (
			);
			dependencies = (
			);
			fileSystemSynchronizedGroups = (
				CC81D4E42F03D0360005966F /* MiniBookPlayer */,
			);
			name = MiniBookPlayer;
			packageProductDependencies = (
				CC652F5D2F089211005E1AE0 /* ComposableArchitecture */,
			);
			productName = MiniBookPlayer;
			productReference = CC81D4E22F03D0360005966F /* MiniBookPlayer.app */;
			productType = "com.apple.product-type.application";
		};
		CC81D4EE2F03D0380005966F /* MiniBookPlayerTests */ = {
			isa = PBXNativeTarget;
			buildConfigurationList = CC81D5062F03D0380005966F /* Build configuration list for PBXNativeTarget "MiniBookPlayerTests" */;
			buildPhases = (
				CC81D4EB2F03D0380005966F /* Sources */,
				CC81D4EC2F03D0380005966F /* Frameworks */,
				CC81D4ED2F03D0380005966F /* Resources */,
			);
			buildRules = (
			);
			dependencies = (
				CC81D4F12F03D0380005966F /* PBXTargetDependency */,
			);
			fileSystemSynchronizedGroups = (
				CC81D4F22F03D0380005966F /* MiniBookPlayerTests */,
			);
			name = MiniBookPlayerTests;
			packageProductDependencies = (
			);
			productName = MiniBookPlayerTests;
			productReference = CC81D4EF2F03D0380005966F /* MiniBookPlayerTests.xctest */;
			productType = "com.apple.product-type.bundle.unit-test";
		};
		CC81D4F82F03D0380005966F /* MiniBookPlayerUITests */ = {
			isa = PBXNativeTarget;
			buildConfigurationList = CC81D5092F03D0380005966F /* Build configuration list for PBXNativeTarget "MiniBookPlayerUITests" */;
			buildPhases = (
				CC81D4F52F03D0380005966F /* Sources */,
				CC81D4F62F03D0380005966F /* Frameworks */,
				CC81D4F72F03D0380005966F /* Resources */,
			);
			buildRules = (
			);
			dependencies = (
				CC81D4FB2F03D0380005966F /* PBXTargetDependency */,
			);
			fileSystemSynchronizedGroups = (
				CC81D4FC2F03D0380005966F /* MiniBookPlayerUITests */,
			);
			name = MiniBookPlayerUITests;
			packageProductDependencies = (
			);
			productName = MiniBookPlayerUITests;
			productReference = CC81D4F92F03D0380005966F /* MiniBookPlayerUITests.xctest */;
			productType = "com.apple.product-type.bundle.ui-testing";
		};
/* End PBXNativeTarget section */

/* Begin PBXProject section */
		CC81D4DA2F03D0360005966F /* Project object */ = {
			isa = PBXProject;
			attributes = {
				BuildIndependentTargetsInParallel = 1;
				LastSwiftUpdateCheck = 2600;
				LastUpgradeCheck = 2600;
				TargetAttributes = {
					CC81D4E12F03D0360005966F = {
						CreatedOnToolsVersion = 26.0.1;
					};
					CC81D4EE2F03D0380005966F = {
						CreatedOnToolsVersion = 26.0.1;
						TestTargetID = CC81D4E12F03D0360005966F;
					};
					CC81D4F82F03D0380005966F = {
						CreatedOnToolsVersion = 26.0.1;
						TestTargetID = CC81D4E12F03D0360005966F;
					};
				};
			};
			buildConfigurationList = CC81D4DD2F03D0360005966F /* Build configuration list for PBXProject "MiniBookPlayer" */;
			developmentRegion = en;
			hasScannedForEncodings = 0;
			knownRegions = (
				en,
				Base,
			);
			mainGroup = CC81D4D92F03D0360005966F;
			minimizedProjectReferenceProxies = 1;
			packageReferences = (
				CC652F5C2F089211005E1AE0 /* XCRemoteSwiftPackageReference "swift-composable-architecture" */,
			);
			preferredProjectObjectVersion = 77;
			productRefGroup = CC81D4E32F03D0360005966F /* Products */;
			projectDirPath = "";
			projectRoot = "";
			targets = (
				CC81D4E12F03D0360005966F /* MiniBookPlayer */,
				CC81D4EE2F03D0380005966F /* MiniBookPlayerTests */,
				CC81D4F82F03D0380005966F /* MiniBookPlayerUITests */,
			);
		};
/* End PBXProject section */

/* Begin PBXResourcesBuildPhase section */
		CC81D4E02F03D0360005966F /* Resources */ = {
			isa = PBXResourcesBuildPhase;
			buildActionMask = 2147483647;
			files = (
				CC81D5182F03DB040005966F /* 19622-01.mp3 in Resources */,
				CC81D5192F03DB040005966F /* 19622-05.mp3 in Resources */,
				CC81D51A2F03DB040005966F /* 19622-03.mp3 in Resources */,
				CC81D51B2F03DB040005966F /* 19622-02.mp3 in Resources */,
				CC81D51C2F03DB040005966F /* 19622-04.mp3 in Resources */,
				CC81D5122F03D23C0005966F /* aesops_fables.json in Resources */,
			);
			runOnlyForDeploymentPostprocessing = 0;
		};
		CC81D4ED2F03D0380005966F /* Resources */ = {
			isa = PBXResourcesBuildPhase;
			buildActionMask = 2147483647;
			files = (
			);
			runOnlyForDeploymentPostprocessing = 0;
		};
		CC81D4F72F03D0380005966F /* Resources */ = {
			isa = PBXResourcesBuildPhase;
			buildActionMask = 2147483647;
			files = (
			);
			runOnlyForDeploymentPostprocessing = 0;
		};
/* End PBXResourcesBuildPhase section */

/* Begin PBXSourcesBuildPhase section */
		CC81D4DE2F03D0360005966F /* Sources */ = {
			isa = PBXSourcesBuildPhase;
			buildActionMask = 2147483647;
			files = (
			);
			runOnlyForDeploymentPostprocessing = 0;
		};
		CC81D4EB2F03D0380005966F /* Sources */ = {
			isa = PBXSourcesBuildPhase;
			buildActionMask = 2147483647;
			files = (
			);
			runOnlyForDeploymentPostprocessing = 0;
		};
		CC81D4F52F03D0380005966F /* Sources */ = {
			isa = PBXSourcesBuildPhase;
			buildActionMask = 2147483647;
			files = (
			);
			runOnlyForDeploymentPostprocessing = 0;
		};
/* End PBXSourcesBuildPhase section */

/* Begin PBXTargetDependency section */
		CC81D4F12F03D0380005966F /* PBXTargetDependency */ = {
			isa = PBXTargetDependency;
			target = CC81D4E12F03D0360005966F /* MiniBookPlayer */;
			targetProxy = CC81D4F02F03D0380005966F /* PBXContainerItemProxy */;
		};
		CC81D4FB2F03D0380005966F /* PBXTargetDependency */ = {
			isa = PBXTargetDependency;
			target = CC81D4E12F03D0360005966F /* MiniBookPlayer */;
			targetProxy = CC81D4FA2F03D0380005966F /* PBXContainerItemProxy */;
		};
/* End PBXTargetDependency section */

/* Begin XCBuildConfiguration section */
		CC81D5012F03D0380005966F /* Debug */ = {
			isa = XCBuildConfiguration;
			buildSettings = {
				ALWAYS_SEARCH_USER_PATHS = NO;
				ASSETCATALOG_COMPILER_GENERATE_SWIFT_ASSET_SYMBOL_EXTENSIONS = YES;
				CLANG_ANALYZER_NONNULL = YES;
				CLANG_ANALYZER_NUMBER_OBJECT_CONVERSION = YES_AGGRESSIVE;
				CLANG_CXX_LANGUAGE_STANDARD = "gnu++20";
				CLANG_ENABLE_MODULES = YES;
				CLANG_ENABLE_OBJC_ARC = YES;
				CLANG_ENABLE_OBJC_WEAK = YES;
				CLANG_WARN_BLOCK_CAPTURE_AUTORELEASING = YES;
				CLANG_WARN_BOOL_CONVERSION = YES;
				CLANG_WARN_COMMA = YES;
				CLANG_WARN_CONSTANT_CONVERSION = YES;
				CLANG_WARN_DEPRECATED_OBJC_IMPLEMENTATIONS = YES;
				CLANG_WARN_DIRECT_OBJC_ISA_USAGE = YES_ERROR;
				CLANG_WARN_DOCUMENTATION_COMMENTS = YES;
				CLANG_WARN_EMPTY_BODY = YES;
				CLANG_WARN_ENUM_CONVERSION = YES;
				CLANG_WARN_INFINITE_RECURSION = YES;
				CLANG_WARN_INT_CONVERSION = YES;
				CLANG_WARN_NON_LITERAL_NULL_CONVERSION = YES;
				CLANG_WARN_OBJC_IMPLICIT_RETAIN_SELF = YES;
				CLANG_WARN_OBJC_LITERAL_CONVERSION = YES;
				CLANG_WARN_OBJC_ROOT_CLASS = YES_ERROR;
				CLANG_WARN_QUOTED_INCLUDE_IN_FRAMEWORK_HEADER = YES;
				CLANG_WARN_RANGE_LOOP_ANALYSIS = YES;
				CLANG_WARN_STRICT_PROTOTYPES = YES;
				CLANG_WARN_SUSPICIOUS_MOVE = YES;
				CLANG_WARN_UNGUARDED_AVAILABILITY = YES_AGGRESSIVE;
				CLANG_WARN_UNREACHABLE_CODE = YES;
				CLANG_WARN__DUPLICATE_METHOD_MATCH = YES;
				COPY_PHASE_STRIP = NO;
				DEBUG_INFORMATION_FORMAT = dwarf;
				ENABLE_STRICT_OBJC_MSGSEND = YES;
				ENABLE_TESTABILITY = YES;
				ENABLE_USER_SCRIPT_SANDBOXING = YES;
				"EXCLUDED_ARCHS[sdk=iphonesimulator*]" = x86_64;
				GCC_C_LANGUAGE_STANDARD = gnu17;
				GCC_DYNAMIC_NO_PIC = NO;
				GCC_NO_COMMON_BLOCKS = YES;
				GCC_OPTIMIZATION_LEVEL = 0;
				GCC_PREPROCESSOR_DEFINITIONS = (
					"DEBUG=1",
					"$(inherited)",
				);
				GCC_WARN_64_TO_32_BIT_CONVERSION = YES;
				GCC_WARN_ABOUT_RETURN_TYPE = YES_ERROR;
				GCC_WARN_UNDECLARED_SELECTOR = YES;
				GCC_WARN_UNINITIALIZED_AUTOS = YES_AGGRESSIVE;
				GCC_WARN_UNUSED_FUNCTION = YES;
				GCC_WARN_UNUSED_VARIABLE = YES;
				IPHONEOS_DEPLOYMENT_TARGET = 16.6;
				LOCALIZATION_PREFERS_STRING_CATALOGS = YES;
				MTL_ENABLE_DEBUG_INFO = INCLUDE_SOURCE;
				MTL_FAST_MATH = YES;
				ONLY_ACTIVE_ARCH = YES;
				SDKROOT = iphoneos;
				SWIFT_ACTIVE_COMPILATION_CONDITIONS = "DEBUG $(inherited)";
				SWIFT_OPTIMIZATION_LEVEL = "-Onone";
			};
			name = Debug;
		};
		CC81D5022F03D0380005966F /* Release */ = {
			isa = XCBuildConfiguration;
			buildSettings = {
				ALWAYS_SEARCH_USER_PATHS = NO;
				ASSETCATALOG_COMPILER_GENERATE_SWIFT_ASSET_SYMBOL_EXTENSIONS = YES;
				CLANG_ANALYZER_NONNULL = YES;
				CLANG_ANALYZER_NUMBER_OBJECT_CONVERSION = YES_AGGRESSIVE;
				CLANG_CXX_LANGUAGE_STANDARD = "gnu++20";
				CLANG_ENABLE_MODULES = YES;
				CLANG_ENABLE_OBJC_ARC = YES;
				CLANG_ENABLE_OBJC_WEAK = YES;
				CLANG_WARN_BLOCK_CAPTURE_AUTORELEASING = YES;
				CLANG_WARN_BOOL_CONVERSION = YES;
				CLANG_WARN_COMMA = YES;
				CLANG_WARN_CONSTANT_CONVERSION = YES;
				CLANG_WARN_DEPRECATED_OBJC_IMPLEMENTATIONS = YES;
				CLANG_WARN_DIRECT_OBJC_ISA_USAGE = YES_ERROR;
				CLANG_WARN_DOCUMENTATION_COMMENTS = YES;
				CLANG_WARN_EMPTY_BODY = YES;
				CLANG_WARN_ENUM_CONVERSION = YES;
				CLANG_WARN_INFINITE_RECURSION = YES;
				CLANG_WARN_INT_CONVERSION = YES;
				CLANG_WARN_NON_LITERAL_NULL_CONVERSION = YES;
				CLANG_WARN_OBJC_IMPLICIT_RETAIN_SELF = YES;
				CLANG_WARN_OBJC_LITERAL_CONVERSION = YES;
				CLANG_WARN_OBJC_ROOT_CLASS = YES_ERROR;
				CLANG_WARN_QUOTED_INCLUDE_IN_FRAMEWORK_HEADER = YES;
				CLANG_WARN_RANGE_LOOP_ANALYSIS = YES;
				CLANG_WARN_STRICT_PROTOTYPES = YES;
				CLANG_WARN_SUSPICIOUS_MOVE = YES;
				CLANG_WARN_UNGUARDED_AVAILABILITY = YES_AGGRESSIVE;
				CLANG_WARN_UNREACHABLE_CODE = YES;
				CLANG_WARN__DUPLICATE_METHOD_MATCH = YES;
				COPY_PHASE_STRIP = NO;
				DEBUG_INFORMATION_FORMAT = "dwarf-with-dsym";
				ENABLE_NS_ASSERTIONS = NO;
				ENABLE_STRICT_OBJC_MSGSEND = YES;
				ENABLE_USER_SCRIPT_SANDBOXING = YES;
				GCC_C_LANGUAGE_STANDARD = gnu17;
				GCC_NO_COMMON_BLOCKS = YES;
				GCC_WARN_64_TO_32_BIT_CONVERSION = YES;
				GCC_WARN_ABOUT_RETURN_TYPE = YES_ERROR;
				GCC_WARN_UNDECLARED_SELECTOR = YES;
				GCC_WARN_UNINITIALIZED_AUTOS = YES_AGGRESSIVE;
				GCC_WARN_UNUSED_FUNCTION = YES;
				GCC_WARN_UNUSED_VARIABLE = YES;
				IPHONEOS_DEPLOYMENT_TARGET = 16.6;
				LOCALIZATION_PREFERS_STRING_CATALOGS = YES;
				MTL_ENABLE_DEBUG_INFO = NO;
				MTL_FAST_MATH = YES;
				SDKROOT = iphoneos;
				SWIFT_COMPILATION_MODE = wholemodule;
				VALIDATE_PRODUCT = YES;
			};
			name = Release;
		};
		CC81D5042F03D0380005966F /* Debug */ = {
			isa = XCBuildConfiguration;
			buildSettings = {
				ASSETCATALOG_COMPILER_APPICON_NAME = AppIcon;
				ASSETCATALOG_COMPILER_GLOBAL_ACCENT_COLOR_NAME = AccentColor;
				CODE_SIGN_STYLE = Automatic;
				CURRENT_PROJECT_VERSION = 1;
				DEVELOPMENT_TEAM = 4A6M9LMQYL;
				ENABLE_PREVIEWS = YES;
				GENERATE_INFOPLIST_FILE = YES;
				INFOPLIST_KEY_UIApplicationSceneManifest_Generation = YES;
				INFOPLIST_KEY_UIApplicationSupportsIndirectInputEvents = YES;
				INFOPLIST_KEY_UILaunchScreen_Generation = YES;
				INFOPLIST_KEY_UISupportedInterfaceOrientations_iPad = "UIInterfaceOrientationPortrait UIInterfaceOrientationPortraitUpsideDown UIInterfaceOrientationLandscapeLeft UIInterfaceOrientationLandscapeRight";
				INFOPLIST_KEY_UISupportedInterfaceOrientations_iPhone = "UIInterfaceOrientationPortrait UIInterfaceOrientationLandscapeLeft UIInterfaceOrientationLandscapeRight";
				IPHONEOS_DEPLOYMENT_TARGET = 18.6;
				LD_RUNPATH_SEARCH_PATHS = (
					"$(inherited)",
					"@executable_path/Frameworks",
				);
				MARKETING_VERSION = 1.0;
				PRODUCT_BUNDLE_IDENTIFIER = home.MiniBookPlayer;
				PRODUCT_NAME = "$(TARGET_NAME)";
				STRING_CATALOG_GENERATE_SYMBOLS = YES;
				SWIFT_APPROACHABLE_CONCURRENCY = YES;
				SWIFT_DEFAULT_ACTOR_ISOLATION = MainActor;
				SWIFT_EMIT_LOC_STRINGS = YES;
				SWIFT_STRICT_CONCURRENCY = targeted;
				SWIFT_UPCOMING_FEATURE_MEMBER_IMPORT_VISIBILITY = YES;
				SWIFT_VERSION = 5.0;
				TARGETED_DEVICE_FAMILY = "1,2";
			};
			name = Debug;
		};
		CC81D5052F03D0380005966F /* Release */ = {
			isa = XCBuildConfiguration;
			buildSettings = {
				ASSETCATALOG_COMPILER_APPICON_NAME = AppIcon;
				ASSETCATALOG_COMPILER_GLOBAL_ACCENT_COLOR_NAME = AccentColor;
				CODE_SIGN_STYLE = Automatic;
				CURRENT_PROJECT_VERSION = 1;
				DEVELOPMENT_TEAM = 4A6M9LMQYL;
				ENABLE_PREVIEWS = YES;
				GENERATE_INFOPLIST_FILE = YES;
				INFOPLIST_KEY_UIApplicationSceneManifest_Generation = YES;
				INFOPLIST_KEY_UIApplicationSupportsIndirectInputEvents = YES;
				INFOPLIST_KEY_UILaunchScreen_Generation = YES;
				INFOPLIST_KEY_UISupportedInterfaceOrientations_iPad = "UIInterfaceOrientationPortrait UIInterfaceOrientationPortraitUpsideDown UIInterfaceOrientationLandscapeLeft UIInterfaceOrientationLandscapeRight";
				INFOPLIST_KEY_UISupportedInterfaceOrientations_iPhone = "UIInterfaceOrientationPortrait UIInterfaceOrientationLandscapeLeft UIInterfaceOrientationLandscapeRight";
				IPHONEOS_DEPLOYMENT_TARGET = 18.6;
				LD_RUNPATH_SEARCH_PATHS = (
					"$(inherited)",
					"@executable_path/Frameworks",
				);
				MARKETING_VERSION = 1.0;
				PRODUCT_BUNDLE_IDENTIFIER = home.MiniBookPlayer;
				PRODUCT_NAME = "$(TARGET_NAME)";
				STRING_CATALOG_GENERATE_SYMBOLS = YES;
				SWIFT_APPROACHABLE_CONCURRENCY = YES;
				SWIFT_DEFAULT_ACTOR_ISOLATION = MainActor;
				SWIFT_EMIT_LOC_STRINGS = YES;
				SWIFT_STRICT_CONCURRENCY = targeted;
				SWIFT_UPCOMING_FEATURE_MEMBER_IMPORT_VISIBILITY = YES;
				SWIFT_VERSION = 5.0;
				TARGETED_DEVICE_FAMILY = "1,2";
			};
			name = Release;
		};
		CC81D5072F03D0380005966F /* Debug */ = {
			isa = XCBuildConfiguration;
			buildSettings = {
				BUNDLE_LOADER = "$(TEST_HOST)";
				CODE_SIGN_STYLE = Automatic;
				CURRENT_PROJECT_VERSION = 1;
				GENERATE_INFOPLIST_FILE = YES;
				IPHONEOS_DEPLOYMENT_TARGET = 26.0;
				MARKETING_VERSION = 1.0;
				PRODUCT_BUNDLE_IDENTIFIER = home.MiniBookPlayerTests;
				PRODUCT_NAME = "$(TARGET_NAME)";
				STRING_CATALOG_GENERATE_SYMBOLS = NO;
				SWIFT_APPROACHABLE_CONCURRENCY = YES;
				SWIFT_EMIT_LOC_STRINGS = NO;
				SWIFT_UPCOMING_FEATURE_MEMBER_IMPORT_VISIBILITY = YES;
				SWIFT_VERSION = 5.0;
				TARGETED_DEVICE_FAMILY = "1,2";
				TEST_HOST = "$(BUILT_PRODUCTS_DIR)/MiniBookPlayer.app/$(BUNDLE_EXECUTABLE_FOLDER_PATH)/MiniBookPlayer";
			};
			name = Debug;
		};
		CC81D5082F03D0380005966F /* Release */ = {
			isa = XCBuildConfiguration;
			buildSettings = {
				BUNDLE_LOADER = "$(TEST_HOST)";
				CODE_SIGN_STYLE = Automatic;
				CURRENT_PROJECT_VERSION = 1;
				GENERATE_INFOPLIST_FILE = YES;
				IPHONEOS_DEPLOYMENT_TARGET = 26.0;
				MARKETING_VERSION = 1.0;
				PRODUCT_BUNDLE_IDENTIFIER = home.MiniBookPlayerTests;
				PRODUCT_NAME = "$(TARGET_NAME)";
				STRING_CATALOG_GENERATE_SYMBOLS = NO;
				SWIFT_APPROACHABLE_CONCURRENCY = YES;
				SWIFT_EMIT_LOC_STRINGS = NO;
				SWIFT_UPCOMING_FEATURE_MEMBER_IMPORT_VISIBILITY = YES;
				SWIFT_VERSION = 5.0;
				TARGETED_DEVICE_FAMILY = "1,2";
				TEST_HOST = "$(BUILT_PRODUCTS_DIR)/MiniBookPlayer.app/$(BUNDLE_EXECUTABLE_FOLDER_PATH)/MiniBookPlayer";
			};
			name = Release;
		};
		CC81D50A2F03D0380005966F /* Debug */ = {
			isa = XCBuildConfiguration;
			buildSettings = {
				CODE_SIGN_STYLE = Automatic;
				CURRENT_PROJECT_VERSION = 1;
				GENERATE_INFOPLIST_FILE = YES;
				MARKETING_VERSION = 1.0;
				PRODUCT_BUNDLE_IDENTIFIER = home.MiniBookPlayerUITests;
				PRODUCT_NAME = "$(TARGET_NAME)";
				STRING_CATALOG_GENERATE_SYMBOLS = NO;
				SWIFT_APPROACHABLE_CONCURRENCY = YES;
				SWIFT_EMIT_LOC_STRINGS = NO;
				SWIFT_UPCOMING_FEATURE_MEMBER_IMPORT_VISIBILITY = YES;
				SWIFT_VERSION = 5.0;
				TARGETED_DEVICE_FAMILY = "1,2";
				TEST_TARGET_NAME = MiniBookPlayer;
			};
			name = Debug;
		};
		CC81D50B2F03D0380005966F /* Release */ = {
			isa = XCBuildConfiguration;
			buildSettings = {
				CODE_SIGN_STYLE = Automatic;
				CURRENT_PROJECT_VERSION = 1;
				GENERATE_INFOPLIST_FILE = YES;
				MARKETING_VERSION = 1.0;
				PRODUCT_BUNDLE_IDENTIFIER = home.MiniBookPlayerUITests;
				PRODUCT_NAME = "$(TARGET_NAME)";
				STRING_CATALOG_GENERATE_SYMBOLS = NO;
				SWIFT_APPROACHABLE_CONCURRENCY = YES;
				SWIFT_EMIT_LOC_STRINGS = NO;
				SWIFT_UPCOMING_FEATURE_MEMBER_IMPORT_VISIBILITY = YES;
				SWIFT_VERSION = 5.0;
				TARGETED_DEVICE_FAMILY = "1,2";
				TEST_TARGET_NAME = MiniBookPlayer;
			};
			name = Release;
		};
/* End XCBuildConfiguration section */

/* Begin XCConfigurationList section */
		CC81D4DD2F03D0360005966F /* Build configuration list for PBXProject "MiniBookPlayer" */ = {
			isa = XCConfigurationList;
			buildConfigurations = (
				CC81D5012F03D0380005966F /* Debug */,
				CC81D5022F03D0380005966F /* Release */,
			);
			defaultConfigurationIsVisible = 0;
			defaultConfigurationName = Release;
		};
		CC81D5032F03D0380005966F /* Build configuration list for PBXNativeTarget "MiniBookPlayer" */ = {
			isa = XCConfigurationList;
			buildConfigurations = (
				CC81D5042F03D0380005966F /* Debug */,
				CC81D5052F03D0380005966F /* Release */,
			);
			defaultConfigurationIsVisible = 0;
			defaultConfigurationName = Release;
		};
		CC81D5062F03D0380005966F /* Build configuration list for PBXNativeTarget "MiniBookPlayerTests" */ = {
			isa = XCConfigurationList;
			buildConfigurations = (
				CC81D5072F03D0380005966F /* Debug */,
				CC81D5082F03D0380005966F /* Release */,
			);
			defaultConfigurationIsVisible = 0;
			defaultConfigurationName = Release;
		};
		CC81D5092F03D0380005966F /* Build configuration list for PBXNativeTarget "MiniBookPlayerUITests" */ = {
			isa = XCConfigurationList;
			buildConfigurations = (
				CC81D50A2F03D0380005966F /* Debug */,
				CC81D50B2F03D0380005966F /* Release */,
			);
			defaultConfigurationIsVisible = 0;
			defaultConfigurationName = Release;
		};
/* End XCConfigurationList section */

/* Begin XCRemoteSwiftPackageReference section */
		CC652F5C2F089211005E1AE0 /* XCRemoteSwiftPackageReference "swift-composable-architecture" */ = {
			isa = XCRemoteSwiftPackageReference;
			repositoryURL = "https://github.com/pointfreeco/swift-composable-architecture.git";
			requirement = {
				kind = upToNextMajorVersion;
				minimumVersion = 1.23.1;
			};
		};
/* End XCRemoteSwiftPackageReference section */

/* Begin XCSwiftPackageProductDependency section */
		CC652F5D2F089211005E1AE0 /* ComposableArchitecture */ = {
			isa = XCSwiftPackageProductDependency;
			package = CC652F5C2F089211005E1AE0 /* XCRemoteSwiftPackageReference "swift-composable-architecture" */;
			productName = ComposableArchitecture;
		};
/* End XCSwiftPackageProductDependency section */
	};
	rootObject = CC81D4DA2F03D0360005966F /* Project object */;
}
